<?xml version="1.0" encoding="utf-8"?>
<Project ToolsVersion="4.0" xmlns="http://schemas.microsoft.com/developer/msbuild/2003">
  <ItemGroup>
    <Filter Include="소스 파일">
      <UniqueIdentifier>{4FC737F1-C7A5-4376-A066-2A32D752A2FF}</UniqueIdentifier>
      <Extensions>cpp;c;cc;cxx;c++;cppm;ixx;def;odl;idl;hpj;bat;asm;asmx</Extensions>
    </Filter>
    <Filter Include="리소스 파일">
      <UniqueIdentifier>{67DA6AB6-F800-4c08-8B7A-83BB121AAD01}</UniqueIdentifier>
      <Extensions>rc;ico;cur;bmp;dlg;rc2;rct;bin;rgs;gif;jpg;jpeg;jpe;resx;tiff;tif;png;wav;mfcribbon-ms</Extensions>
    </Filter>
    <Filter Include="00. SceneMode">
      <UniqueIdentifier>{3f71b3db-86a8-469a-b429-b041b706aaad}</UniqueIdentifier>
    </Filter>
    <Filter Include="01. Object">
      <UniqueIdentifier>{99a16237-af5c-4c98-83f2-4aced3cda663}</UniqueIdentifier>
    </Filter>
    <Filter Include="01. Object\00. Player">
      <UniqueIdentifier>{e13cf40a-893e-466b-aeea-69fc235c0c1f}</UniqueIdentifier>
    </Filter>
    <Filter Include="01. Object\01. Bullet">
      <UniqueIdentifier>{a8df3148-6792-434c-a18b-b9e714c5fc22}</UniqueIdentifier>
    </Filter>
    <Filter Include="01. Object\02. Monster">
      <UniqueIdentifier>{7526515e-b606-45aa-b3a3-821c8cc39806}</UniqueIdentifier>
    </Filter>
    <Filter Include="01. Object\03. Test">
      <UniqueIdentifier>{3f806700-ca87-4c24-8059-1c81e37b1e07}</UniqueIdentifier>
    </Filter>
    <Filter Include="02. UI">
      <UniqueIdentifier>{2fcfbd2d-0e82-413c-bd3e-8c29a713674a}</UniqueIdentifier>
    </Filter>
    <Filter Include="02. UI\00. Mouse">
      <UniqueIdentifier>{b52b790d-80b3-4140-8175-b7afcf470712}</UniqueIdentifier>
    </Filter>
    <Filter Include="01. Object\04. Particle">
      <UniqueIdentifier>{a0767c51-912b-4a7f-abb0-b6e29fd4af97}</UniqueIdentifier>
    </Filter>
    <Filter Include="01. Object\05. TileMap">
      <UniqueIdentifier>{74c3e0e8-8fc4-49aa-8aa8-349efca73f8e}</UniqueIdentifier>
    </Filter>
  </ItemGroup>
  <ItemGroup>
    <ClCompile Include="main.cpp">
      <Filter>소스 파일</Filter>
    </ClCompile>
    <ClCompile Include="Scene\MainScene.cpp">
      <Filter>00. SceneMode</Filter>
    </ClCompile>
    <ClCompile Include="Object\Bullet.cpp">
      <Filter>01. Object\01. Bullet</Filter>
    </ClCompile>
    <ClCompile Include="Object\Player2D.cpp">
      <Filter>01. Object\00. Player</Filter>
    </ClCompile>
    <ClCompile Include="Object\BulletTornaido.cpp">
      <Filter>01. Object\01. Bullet</Filter>
    </ClCompile>
    <ClCompile Include="ClientManager.cpp">
      <Filter>소스 파일</Filter>
    </ClCompile>
    <ClCompile Include="Object\PlayerAnimation2D.cpp">
      <Filter>01. Object\00. Player</Filter>
    </ClCompile>
    <ClCompile Include="Object\MonsterAnimation.cpp">
      <Filter>01. Object\02. Monster</Filter>
    </ClCompile>
    <ClCompile Include="Object\Monster.cpp">
      <Filter>01. Object\02. Monster</Filter>
    </ClCompile>
    <ClCompile Include="Object\BulletCamera.cpp">
      <Filter>01. Object\01. Bullet</Filter>
    </ClCompile>
    <ClCompile Include="Object\PixelTest.cpp">
      <Filter>01. Object\03. Test</Filter>
    </ClCompile>
    <ClCompile Include="Widget\MainWidget.cpp">
      <Filter>02. UI</Filter>
    </ClCompile>
    <ClCompile Include="Widget\SimpleHUD.cpp">
      <Filter>02. UI</Filter>
    </ClCompile>
    <ClCompile Include="Widget\StartWidget.cpp">
      <Filter>02. UI</Filter>
    </ClCompile>
    <ClCompile Include="Widget\LoadingWidget.cpp">
      <Filter>02. UI</Filter>
    </ClCompile>
    <ClCompile Include="Widget\MouseAttack.cpp">
      <Filter>02. UI\00. Mouse</Filter>
    </ClCompile>
    <ClCompile Include="Widget\MouseNormal.cpp">
      <Filter>02. UI\00. Mouse</Filter>
    </ClCompile>
    <ClCompile Include="Scene\LoadingThread.cpp">
      <Filter>00. SceneMode</Filter>
    </ClCompile>
    <ClCompile Include="Scene\StartScene.cpp">
      <Filter>00. SceneMode</Filter>
    </ClCompile>
    <ClCompile Include="Scene\LoadingScene.cpp">
      <Filter>00. SceneMode</Filter>
    </ClCompile>
    <ClCompile Include="Object\BubbleParticle.cpp">
      <Filter>01. Object\04. Particle</Filter>
    </ClCompile>
    <ClCompile Include="Object\SparkParticle.cpp">
      <Filter>01. Object\04. Particle</Filter>
    </ClCompile>
    <ClCompile Include="Object\TileMap.cpp">
      <Filter>01. Object\05. TileMap</Filter>
    </ClCompile>
  </ItemGroup>
  <ItemGroup>
    <ClInclude Include="Scene\MainScene.h">
      <Filter>00. SceneMode</Filter>
    </ClInclude>
    <ClInclude Include="Object\Bullet.h">
      <Filter>01. Object\01. Bullet</Filter>
    </ClInclude>
    <ClInclude Include="Object\Player2D.h">
      <Filter>01. Object\00. Player</Filter>
    </ClInclude>
    <ClInclude Include="Object\BulletTornaido.h">
      <Filter>01. Object\01. Bullet</Filter>
    </ClInclude>
    <ClInclude Include="ClientManager.h">
      <Filter>소스 파일</Filter>
    </ClInclude>
    <ClInclude Include="Object\PlayerAnimation2D.h">
      <Filter>01. Object\00. Player</Filter>
    </ClInclude>
    <ClInclude Include="resource.h">
      <Filter>리소스 파일</Filter>
    </ClInclude>
    <ClInclude Include="Object\Monster.h">
      <Filter>01. Object\02. Monster</Filter>
    </ClInclude>
    <ClInclude Include="Object\MonsterAnimation.h">
      <Filter>01. Object\02. Monster</Filter>
    </ClInclude>
    <ClInclude Include="Object\BulletCamera.h">
      <Filter>01. Object\01. Bullet</Filter>
    </ClInclude>
    <ClInclude Include="Object\PixelTest.h">
      <Filter>01. Object\03. Test</Filter>
    </ClInclude>
    <ClInclude Include="Widget\MainWidget.h">
      <Filter>02. UI</Filter>
    </ClInclude>
    <ClInclude Include="Widget\SimpleHUD.h">
      <Filter>02. UI</Filter>
    </ClInclude>
    <ClInclude Include="Client.h">
      <Filter>소스 파일</Filter>
    </ClInclude>
    <ClInclude Include="Widget\LoadingWidget.h">
      <Filter>02. UI</Filter>
    </ClInclude>
    <ClInclude Include="Widget\StartWidget.h">
      <Filter>02. UI</Filter>
    </ClInclude>
    <ClInclude Include="Widget\MouseAttack.h">
      <Filter>02. UI\00. Mouse</Filter>
    </ClInclude>
    <ClInclude Include="Widget\MouseNormal.h">
      <Filter>02. UI\00. Mouse</Filter>
    </ClInclude>
    <ClInclude Include="Scene\LoadingScene.h">
      <Filter>00. SceneMode</Filter>
    </ClInclude>
    <ClInclude Include="Scene\LoadingThread.h">
      <Filter>00. SceneMode</Filter>
    </ClInclude>
    <ClInclude Include="Scene\StartScene.h">
      <Filter>00. SceneMode</Filter>
    </ClInclude>
    <ClInclude Include="Object\BubbleParticle.h">
      <Filter>01. Object\04. Particle</Filter>
    </ClInclude>
    <ClInclude Include="Object\SparkParticle.h">
      <Filter>01. Object\04. Particle</Filter>
    </ClInclude>
    <ClInclude Include="Object\TileMap.h">
      <Filter>01. Object\05. TileMap</Filter>
    </ClInclude>
  </ItemGroup>
  <ItemGroup>
    <ResourceCompile Include="Client2D.rc">
      <Filter>리소스 파일</Filter>
    </ResourceCompile>
  </ItemGroup>
  <ItemGroup>
    <Image Include="icon1.ico">
      <Filter>리소스 파일</Filter>
    </Image>
  </ItemGroup>
</Project>