<?xml version="1.0" encoding="utf-8"?>
<Project ToolsVersion="4.0" xmlns="http://schemas.microsoft.com/developer/msbuild/2003">
  <ItemGroup>
    <Filter Include="헤더 파일">
      <UniqueIdentifier>{93995380-89BD-4b04-88EB-625FBE52EBFB}</UniqueIdentifier>
      <Extensions>h;hh;hpp;hxx;h++;hm;inl;inc;ipp;xsd</Extensions>
    </Filter>
    <Filter Include="00. Engine">
      <UniqueIdentifier>{bd7059f3-b616-4d8e-92f2-c2ae7ecbd9ed}</UniqueIdentifier>
    </Filter>
    <Filter Include="01. Resource">
      <UniqueIdentifier>{233e7b39-e643-497d-ad42-881b7cfa5389}</UniqueIdentifier>
    </Filter>
    <Filter Include="02. Scene">
      <UniqueIdentifier>{5c2fe915-bee8-421c-ad7d-46a1b81da014}</UniqueIdentifier>
    </Filter>
    <Filter Include="03. GameObject">
      <UniqueIdentifier>{4283d68f-3b42-4670-92f6-1e7edd8576c3}</UniqueIdentifier>
    </Filter>
    <Filter Include="04. Component">
      <UniqueIdentifier>{9ca9bc9f-0d3a-4875-97bf-13ffcc0c2ff6}</UniqueIdentifier>
    </Filter>
    <Filter Include="05. Render">
      <UniqueIdentifier>{8cdf9cea-1a0f-4e74-bb34-2da5e4900bb8}</UniqueIdentifier>
    </Filter>
    <Filter Include="05. Render\00. RenderState">
      <UniqueIdentifier>{cf6ceeb4-c89f-4121-ad8f-5d0e744bea31}</UniqueIdentifier>
    </Filter>
    <Filter Include="06. Excel">
      <UniqueIdentifier>{02ac4bb2-ee6d-4295-8ccb-5c3778901d71}</UniqueIdentifier>
    </Filter>
    <Filter Include="06. Excel\00. Library">
      <UniqueIdentifier>{7c0236af-2e9a-4395-bf31-030a91d692df}</UniqueIdentifier>
    </Filter>
    <Filter Include="06. Excel\00. Library\00. Include">
      <UniqueIdentifier>{391ae07e-bfef-482f-a0e6-254963e5e927}</UniqueIdentifier>
    </Filter>
    <Filter Include="06. Excel\01. Character">
      <UniqueIdentifier>{48e76c40-8d0d-45df-842c-c11696681803}</UniqueIdentifier>
    </Filter>
    <Filter Include="06. Excel\01. Character\00. Player">
      <UniqueIdentifier>{0ab86bdc-44b7-4ea7-8e9e-0d7f804bddc0}</UniqueIdentifier>
    </Filter>
    <Filter Include="07. Animation">
      <UniqueIdentifier>{14cedd96-a861-4be3-b000-0c5f783f756b}</UniqueIdentifier>
    </Filter>
    <Filter Include="08. Collision">
      <UniqueIdentifier>{fd5dbdfa-318d-4071-bc35-5ed94a42d009}</UniqueIdentifier>
    </Filter>
    <Filter Include="09. Widget">
      <UniqueIdentifier>{4da437bd-b7ef-4385-8260-0705d5180a34}</UniqueIdentifier>
    </Filter>
    <Filter Include="09. Widget\00. WIndow">
      <UniqueIdentifier>{7fc8834a-5c72-4b17-a380-d9ab06cfdcc3}</UniqueIdentifier>
    </Filter>
    <Filter Include="09. Widget\01. Widget">
      <UniqueIdentifier>{0a9ea496-7d70-4a65-89dd-f84e464c6d78}</UniqueIdentifier>
    </Filter>
    <Filter Include="02. Scene\00. SceneMode">
      <UniqueIdentifier>{a7a06695-cf01-40fc-98b5-30998e20469d}</UniqueIdentifier>
    </Filter>
    <Filter Include="02. Scene\01. SceneResource">
      <UniqueIdentifier>{6ca625bf-7270-43c9-8ba9-28e3a1255500}</UniqueIdentifier>
    </Filter>
    <Filter Include="02. Scene\02. Collision">
      <UniqueIdentifier>{0ad5fad0-1e34-4a99-a7bc-b86850ed0eaf}</UniqueIdentifier>
    </Filter>
    <Filter Include="02. Scene\03. CameraManager">
      <UniqueIdentifier>{f1752782-6cbd-49e2-b032-45912ec713ee}</UniqueIdentifier>
    </Filter>
    <Filter Include="02. Scene\04. ViewPort">
      <UniqueIdentifier>{19fd6943-dd7e-4a45-84d7-7208fd1a33ad}</UniqueIdentifier>
    </Filter>
    <Filter Include="01. Resource\00. Mesh">
      <UniqueIdentifier>{da2ac59a-9e09-4eaa-bbd4-b186f1fa8072}</UniqueIdentifier>
    </Filter>
    <Filter Include="01. Resource\01. Shader">
      <UniqueIdentifier>{4a493139-9a7a-4136-942c-2c2dc8ed406a}</UniqueIdentifier>
    </Filter>
    <Filter Include="01. Resource\02. Material">
      <UniqueIdentifier>{1d0aad1e-368c-424e-bd85-2807d5080d60}</UniqueIdentifier>
    </Filter>
    <Filter Include="01. Resource\03. Texture">
      <UniqueIdentifier>{94899a5e-8912-426b-88e7-50a6ac623c13}</UniqueIdentifier>
    </Filter>
    <Filter Include="01. Resource\04. Animation">
      <UniqueIdentifier>{94270292-9dbc-49c8-8a5a-851403500f7b}</UniqueIdentifier>
    </Filter>
    <Filter Include="00. Engine\00. Device">
      <UniqueIdentifier>{a2227328-dbee-48ce-bd96-52aa5fb3e69e}</UniqueIdentifier>
    </Filter>
    <Filter Include="00. Engine\01. Math">
      <UniqueIdentifier>{8271d6a0-32dc-450b-889d-457223c6e2bf}</UniqueIdentifier>
    </Filter>
    <Filter Include="00. Engine\02. Ref">
      <UniqueIdentifier>{9cd41f99-a8f4-4038-b13e-1ce9d9e67e81}</UniqueIdentifier>
    </Filter>
    <Filter Include="00. Engine\03. SharedPtr">
      <UniqueIdentifier>{4d698a08-4d72-40a8-a64d-6ec5b9903f02}</UniqueIdentifier>
    </Filter>
    <Filter Include="00. Engine\04. Path">
      <UniqueIdentifier>{0c59a3e6-5ed2-4dff-bdd0-aeb8581bfac4}</UniqueIdentifier>
    </Filter>
    <Filter Include="00. Engine\05. Timer">
      <UniqueIdentifier>{df20ad50-dd16-4747-95c5-c02036317a88}</UniqueIdentifier>
    </Filter>
    <Filter Include="00. Engine\06. Input">
      <UniqueIdentifier>{617c03c2-3ba2-4a43-9a00-9f926e9a28b7}</UniqueIdentifier>
    </Filter>
    <Filter Include="00. Engine\07. IMGUI">
      <UniqueIdentifier>{ee695cd6-e1ba-49a5-b85e-62a4ae646db6}</UniqueIdentifier>
    </Filter>
    <Filter Include="00. Engine\07. IMGUI\00. Lib">
      <UniqueIdentifier>{d2fa5c93-6f35-448f-9c03-f07b83d1ef71}</UniqueIdentifier>
    </Filter>
    <Filter Include="00. Engine\07. IMGUI\02. Widget">
      <UniqueIdentifier>{8ff6350a-a7da-4c2a-ac0b-3e310ed364a7}</UniqueIdentifier>
    </Filter>
    <Filter Include="00. Engine\07. IMGUI\02. Widget\00. Button">
      <UniqueIdentifier>{90a667e6-df58-49f5-959e-181212db9eb7}</UniqueIdentifier>
    </Filter>
    <Filter Include="00. Engine\07. IMGUI\02. Widget\01. Text">
      <UniqueIdentifier>{7f5142b8-07e2-4fa9-9456-d943abc63070}</UniqueIdentifier>
    </Filter>
    <Filter Include="00. Engine\07. IMGUI\02. Widget\02. List">
      <UniqueIdentifier>{adac2038-9d41-4cbf-997a-5f5c61af8884}</UniqueIdentifier>
    </Filter>
    <Filter Include="00. Engine\07. IMGUI\02. Widget\03. UI">
      <UniqueIdentifier>{bc6fa7c8-056d-44e6-a877-752fb6f44005}</UniqueIdentifier>
    </Filter>
    <Filter Include="00. Engine\07. IMGUI\02. Widget\01. Window">
      <UniqueIdentifier>{353266f5-d05c-4474-a11d-f316d09b857a}</UniqueIdentifier>
    </Filter>
    <Filter Include="04. Component\00. SceneComponent">
      <UniqueIdentifier>{706a6846-e13d-4ebd-b96b-36f3e7ddfbed}</UniqueIdentifier>
    </Filter>
    <Filter Include="04. Component\01. ObjectComponent">
      <UniqueIdentifier>{0c28fdcf-1142-4a23-8db0-79826fdca782}</UniqueIdentifier>
    </Filter>
    <Filter Include="04. Component\00. SceneComponent\00. MeshComponent">
      <UniqueIdentifier>{25b1c7de-52b3-4877-bb67-6c329cdfb0dc}</UniqueIdentifier>
    </Filter>
    <Filter Include="04. Component\00. SceneComponent\01. Collider">
      <UniqueIdentifier>{0dd1d978-ba31-4ece-96af-15cb5786eacc}</UniqueIdentifier>
    </Filter>
    <Filter Include="04. Component\00. SceneComponent\02. Camera">
      <UniqueIdentifier>{fa0f5041-440b-43ac-994d-1ce17c1789d5}</UniqueIdentifier>
    </Filter>
    <Filter Include="01. Resource\05. Sound">
      <UniqueIdentifier>{13dfa01d-9208-466b-81cc-b4a7b27e8d90}</UniqueIdentifier>
    </Filter>
    <Filter Include="01. Resource\05. Sound\00. FMOD">
      <UniqueIdentifier>{eb7c6f11-4ad0-4064-aea2-27a6bb83c20b}</UniqueIdentifier>
    </Filter>
    <Filter Include="01. Resource\06. Font">
      <UniqueIdentifier>{2263d8de-2e5c-4e2a-9780-8c7422ecb2fd}</UniqueIdentifier>
    </Filter>
    <Filter Include="09. Widget\01. Widget\00. Button">
      <UniqueIdentifier>{b9eb06a8-7456-41af-97ba-df7d2ed76c9d}</UniqueIdentifier>
    </Filter>
    <Filter Include="09. Widget\01. Widget\01. Text">
      <UniqueIdentifier>{b1901ea0-f4e6-4a79-83e4-941087a7ab1f}</UniqueIdentifier>
    </Filter>
    <Filter Include="09. Widget\01. Widget\02. Progress">
      <UniqueIdentifier>{98f7a72c-7a72-4f15-8543-f3b0beb169c7}</UniqueIdentifier>
    </Filter>
    <Filter Include="09. Widget\01. Widget\03. Image">
      <UniqueIdentifier>{d4f9298e-0de7-4b9a-9a25-62a17267b260}</UniqueIdentifier>
    </Filter>
    <Filter Include="09. Widget\01. Widget\04. Slider">
      <UniqueIdentifier>{01f320ab-e237-43cf-87d3-68c10558b85a}</UniqueIdentifier>
    </Filter>
    <Filter Include="04. Component\00. SceneComponent\03. Widget">
      <UniqueIdentifier>{66808573-5b28-477f-95da-9772cb2af709}</UniqueIdentifier>
    </Filter>
    <Filter Include="09. Widget\01. Widget\05. Number">
      <UniqueIdentifier>{cfc65ac6-2e44-4e78-9753-3ed2e3aa4489}</UniqueIdentifier>
    </Filter>
    <Filter Include="00. Engine\08. Thread">
      <UniqueIdentifier>{3aa2d37c-4be3-4655-9e0e-2a098e7989d9}</UniqueIdentifier>
    </Filter>
    <Filter Include="01. Resource\01. Shader\00. HLSL">
      <UniqueIdentifier>{033bd553-5774-4dc0-b4b3-cf1852e94352}</UniqueIdentifier>
    </Filter>
    <Filter Include="01. Resource\01. Shader\01. ShaderClass">
      <UniqueIdentifier>{540f031b-8dd7-498e-9682-61f43088858b}</UniqueIdentifier>
    </Filter>
    <Filter Include="01. Resource\01. Shader\01. ShaderClass\00. ColorMesh">
      <UniqueIdentifier>{94cb0ef2-bcf6-4ff2-912a-e7a8fffd25e1}</UniqueIdentifier>
    </Filter>
    <Filter Include="01. Resource\01. Shader\01. ShaderClass\01. Mesh2D">
      <UniqueIdentifier>{58bf3e92-b007-4207-9fc5-d70cbe8ae0a0}</UniqueIdentifier>
    </Filter>
    <Filter Include="01. Resource\01. Shader\01. ShaderClass\02. Collider">
      <UniqueIdentifier>{538c56d5-dc96-49b0-8cc6-fa7a865f70c5}</UniqueIdentifier>
    </Filter>
    <Filter Include="01. Resource\01. Shader\01. ShaderClass\03. Widget">
      <UniqueIdentifier>{316a33b6-bdb7-4799-88e6-5c96702a88ab}</UniqueIdentifier>
    </Filter>
    <Filter Include="01. Resource\01. Shader\02. ConstantBuffer">
      <UniqueIdentifier>{04e4f3e7-af79-428d-a598-5673c9918fa4}</UniqueIdentifier>
    </Filter>
    <Filter Include="01. Resource\01. Shader\02. ConstantBuffer\00. Transform">
      <UniqueIdentifier>{84ff1ef9-4296-4323-882b-4ee9c37c783b}</UniqueIdentifier>
    </Filter>
    <Filter Include="01. Resource\01. Shader\02. ConstantBuffer\01. Material">
      <UniqueIdentifier>{3355a160-79cb-43e9-84d0-0de207401a5e}</UniqueIdentifier>
    </Filter>
    <Filter Include="01. Resource\01. Shader\02. ConstantBuffer\02. Animation2D">
      <UniqueIdentifier>{f4d2b0e2-bb32-4f9a-804e-2614ab9d17b6}</UniqueIdentifier>
    </Filter>
    <Filter Include="01. Resource\01. Shader\02. ConstantBuffer\03. Standard2D">
      <UniqueIdentifier>{d7b330d1-e9c2-41bc-8841-c7d85ebcde3c}</UniqueIdentifier>
    </Filter>
    <Filter Include="01. Resource\01. Shader\02. ConstantBuffer\04. Collider">
      <UniqueIdentifier>{1b16fee4-c1ad-4288-8936-097dbac80d72}</UniqueIdentifier>
    </Filter>
    <Filter Include="01. Resource\01. Shader\02. ConstantBuffer\05. Widget">
      <UniqueIdentifier>{cc17fd08-8abf-4249-ae05-6a0bb793868f}</UniqueIdentifier>
    </Filter>
    <Filter Include="01. Resource\01. Shader\03. StructuredBuffer">
      <UniqueIdentifier>{55d46824-cfc6-4f36-9e14-74ace3c2f551}</UniqueIdentifier>
    </Filter>
    <Filter Include="01. Resource\01. Shader\02. ConstantBuffer\06. Global">
      <UniqueIdentifier>{a984c230-6496-49b6-94d7-82ea0c20921e}</UniqueIdentifier>
    </Filter>
    <Filter Include="01. Resource\01. Shader\02. ConstantBuffer\07. Particle">
      <UniqueIdentifier>{36b9ae75-1d15-4f02-9293-1211645d6a99}</UniqueIdentifier>
    </Filter>
    <Filter Include="01. Resource\01. Shader\01. ShaderClass\04. Particle">
      <UniqueIdentifier>{bc0d4afd-f449-4411-91d0-75314cd02eca}</UniqueIdentifier>
    </Filter>
    <Filter Include="01. Resource\07. Particle">
      <UniqueIdentifier>{d87e5561-0581-4457-bf7c-1d67e9ec3a0f}</UniqueIdentifier>
    </Filter>
    <Filter Include="04. Component\00. SceneComponent\04. Particle">
      <UniqueIdentifier>{e2f3fe75-94b5-43f8-9994-d0855878607e}</UniqueIdentifier>
    </Filter>
    <Filter Include="04. Component\01. ObjectComponent\00. PaperBurn">
      <UniqueIdentifier>{144c93c3-fce0-47bd-af20-ded24eac9e56}</UniqueIdentifier>
    </Filter>
    <Filter Include="01. Resource\01. Shader\02. ConstantBuffer\08. PaperBurn">
      <UniqueIdentifier>{a091ce5e-3f80-4013-9aeb-4abc50807d41}</UniqueIdentifier>
    </Filter>
    <Filter Include="04. Component\00. SceneComponent\05. TileMap">
      <UniqueIdentifier>{7e3396f8-af6f-4f93-88eb-3fae7db6db30}</UniqueIdentifier>
    </Filter>
    <Filter Include="01. Resource\01. Shader\01. ShaderClass\05. TileMap">
      <UniqueIdentifier>{d8533703-8579-44e0-a21b-b7a3b9f8ccdc}</UniqueIdentifier>
    </Filter>
    <Filter Include="01. Resource\01. Shader\02. ConstantBuffer\09. TileMap">
      <UniqueIdentifier>{3b3462a6-1089-4d58-b2d5-455b5c6d60bc}</UniqueIdentifier>
    </Filter>
    <Filter Include="02. Scene\05. Navigation">
      <UniqueIdentifier>{fb9543bc-93bc-43e8-91bc-dd7b7325bcb6}</UniqueIdentifier>
    </Filter>
    <Filter Include="04. Component\01. ObjectComponent\01. NavAgent">
      <UniqueIdentifier>{81b6c0d5-0bec-4ac0-92d1-39e71757a924}</UniqueIdentifier>
    </Filter>
    <Filter Include="00. Engine\09. Public">
      <UniqueIdentifier>{e115bbcb-44b9-4af3-994d-8d069db1570d}</UniqueIdentifier>
    </Filter>
  </ItemGroup>
  <ItemGroup>
    <ClInclude Include="Engine.h">
      <Filter>00. Engine</Filter>
    </ClInclude>
    <ClInclude Include="GameInfo.h">
      <Filter>헤더 파일</Filter>
    </ClInclude>
    <ClInclude Include="Device.h">
      <Filter>00. Engine\00. Device</Filter>
    </ClInclude>
    <ClInclude Include="EngineMath.h">
      <Filter>00. Engine\01. Math</Filter>
    </ClInclude>
    <ClInclude Include="Matrix.h">
      <Filter>00. Engine\01. Math</Filter>
    </ClInclude>
    <ClInclude Include="Vector2.h">
      <Filter>00. Engine\01. Math</Filter>
    </ClInclude>
    <ClInclude Include="Vector3.h">
      <Filter>00. Engine\01. Math</Filter>
    </ClInclude>
    <ClInclude Include="Vector4.h">
      <Filter>00. Engine\01. Math</Filter>
    </ClInclude>
    <ClInclude Include="Flag.h">
      <Filter>헤더 파일</Filter>
    </ClInclude>
    <ClInclude Include="Ref.h">
      <Filter>00. Engine\02. Ref</Filter>
    </ClInclude>
    <ClInclude Include="SharedPtr.h">
      <Filter>00. Engine\03. SharedPtr</Filter>
    </ClInclude>
    <ClInclude Include="Resource\ResourceManager.h">
      <Filter>01. Resource</Filter>
    </ClInclude>
    <ClInclude Include="Resource\Shader\ComputeShader.h">
      <Filter>01. Resource\01. Shader\01. ShaderClass</Filter>
    </ClInclude>
    <ClInclude Include="Resource\Shader\GraphicShader.h">
      <Filter>01. Resource\01. Shader\01. ShaderClass</Filter>
    </ClInclude>
    <ClInclude Include="Resource\Shader\Shader.h">
      <Filter>01. Resource\01. Shader\01. ShaderClass</Filter>
    </ClInclude>
    <ClInclude Include="Resource\Shader\ColorMeshShader.h">
      <Filter>01. Resource\01. Shader\01. ShaderClass\00. ColorMesh</Filter>
    </ClInclude>
    <ClInclude Include="PathManager.h">
      <Filter>00. Engine\04. Path</Filter>
    </ClInclude>
    <ClInclude Include="Resource\Mesh\SpriteMesh.h">
      <Filter>01. Resource\00. Mesh</Filter>
    </ClInclude>
    <ClInclude Include="Resource\Mesh\Mesh.h">
      <Filter>01. Resource\00. Mesh</Filter>
    </ClInclude>
    <ClInclude Include="Resource\Mesh\MeshManager.h">
      <Filter>01. Resource\00. Mesh</Filter>
    </ClInclude>
    <ClInclude Include="Resource\Shader\ShaderManager.h">
      <Filter>01. Resource\01. Shader</Filter>
    </ClInclude>
    <ClInclude Include="Scene\SceneManager.h">
      <Filter>02. Scene</Filter>
    </ClInclude>
    <ClInclude Include="Scene\Scene.h">
      <Filter>02. Scene</Filter>
    </ClInclude>
    <ClInclude Include="Timer.h">
      <Filter>00. Engine\05. Timer</Filter>
    </ClInclude>
    <ClInclude Include="Scene\SceneMode.h">
      <Filter>02. Scene\00. SceneMode</Filter>
    </ClInclude>
    <ClInclude Include="GameObject\GameObject.h">
      <Filter>03. GameObject</Filter>
    </ClInclude>
    <ClInclude Include="Component\Component.h">
      <Filter>04. Component</Filter>
    </ClInclude>
    <ClInclude Include="Component\SceneComponent.h">
      <Filter>04. Component\00. SceneComponent</Filter>
    </ClInclude>
    <ClInclude Include="Component\ObjectComponent.h">
      <Filter>04. Component\01. ObjectComponent</Filter>
    </ClInclude>
    <ClInclude Include="Resource\Material\Material.h">
      <Filter>01. Resource\02. Material</Filter>
    </ClInclude>
    <ClInclude Include="Resource\Material\MaterialManager.h">
      <Filter>01. Resource\02. Material</Filter>
    </ClInclude>
    <ClInclude Include="Scene\SceneResource.h">
      <Filter>02. Scene\01. SceneResource</Filter>
    </ClInclude>
    <ClInclude Include="Component\Transform.h">
      <Filter>04. Component\00. SceneComponent</Filter>
    </ClInclude>
    <ClInclude Include="Resource\Shader\ConstantBuffer.h">
      <Filter>01. Resource\01. Shader\02. ConstantBuffer</Filter>
    </ClInclude>
    <ClInclude Include="Resource\Shader\ConstantBufferBase.h">
      <Filter>01. Resource\01. Shader\02. ConstantBuffer</Filter>
    </ClInclude>
    <ClInclude Include="Resource\Shader\TransformConstantBuffer.h">
      <Filter>01. Resource\01. Shader\02. ConstantBuffer\00. Transform</Filter>
    </ClInclude>
    <ClInclude Include="Render\RenderManager.h">
      <Filter>05. Render</Filter>
    </ClInclude>
    <ClInclude Include="Input.h">
      <Filter>00. Engine\06. Input</Filter>
    </ClInclude>
    <ClInclude Include="Resource\Texture\DirectXTex.h">
      <Filter>01. Resource\03. Texture</Filter>
    </ClInclude>
    <ClInclude Include="Resource\Texture\TextureManager.h">
      <Filter>01. Resource\03. Texture</Filter>
    </ClInclude>
    <ClInclude Include="Resource\Texture\Texture.h">
      <Filter>01. Resource\03. Texture</Filter>
    </ClInclude>
    <ClInclude Include="Excel\ExcelManager.h">
      <Filter>06. Excel</Filter>
    </ClInclude>
    <ClInclude Include="Excel\include_cpp\IBookT.h">
      <Filter>06. Excel\00. Library\00. Include</Filter>
    </ClInclude>
    <ClInclude Include="Excel\include_cpp\IFilterColumnT.h">
      <Filter>06. Excel\00. Library\00. Include</Filter>
    </ClInclude>
    <ClInclude Include="Excel\include_cpp\IFontT.h">
      <Filter>06. Excel\00. Library\00. Include</Filter>
    </ClInclude>
    <ClInclude Include="Excel\include_cpp\IFormatT.h">
      <Filter>06. Excel\00. Library\00. Include</Filter>
    </ClInclude>
    <ClInclude Include="Excel\include_cpp\IFormControlT.h">
      <Filter>06. Excel\00. Library\00. Include</Filter>
    </ClInclude>
    <ClInclude Include="Excel\include_cpp\IRichStringT.h">
      <Filter>06. Excel\00. Library\00. Include</Filter>
    </ClInclude>
    <ClInclude Include="Excel\include_cpp\ISheetT.h">
      <Filter>06. Excel\00. Library\00. Include</Filter>
    </ClInclude>
    <ClInclude Include="Excel\include_cpp\libxl.h">
      <Filter>06. Excel\00. Library\00. Include</Filter>
    </ClInclude>
    <ClInclude Include="Excel\include_cpp\setup.h">
      <Filter>06. Excel\00. Library\00. Include</Filter>
    </ClInclude>
    <ClInclude Include="Excel\include_cpp\enum.h">
      <Filter>06. Excel\00. Library\00. Include</Filter>
    </ClInclude>
    <ClInclude Include="Excel\include_cpp\IAutoFilterT.h">
      <Filter>06. Excel\00. Library\00. Include</Filter>
    </ClInclude>
    <ClInclude Include="Resource\Shader\Mesh2DShader.h">
      <Filter>01. Resource\01. Shader\01. ShaderClass\01. Mesh2D</Filter>
    </ClInclude>
    <ClInclude Include="Excel\Excel.h">
      <Filter>06. Excel</Filter>
    </ClInclude>
    <ClInclude Include="Excel\Character\Excel_Player.h">
      <Filter>06. Excel\01. Character\00. Player</Filter>
    </ClInclude>
    <ClInclude Include="Resource\Shader\MaterialConstantBuffer.h">
      <Filter>01. Resource\01. Shader\02. ConstantBuffer\01. Material</Filter>
    </ClInclude>
    <ClInclude Include="Render\RenderStateManager.h">
      <Filter>05. Render\00. RenderState</Filter>
    </ClInclude>
    <ClInclude Include="Render\BlendState.h">
      <Filter>05. Render\00. RenderState</Filter>
    </ClInclude>
    <ClInclude Include="Render\RenderState.h">
      <Filter>05. Render\00. RenderState</Filter>
    </ClInclude>
    <ClInclude Include="Component\SpriteComponent.h">
      <Filter>04. Component\00. SceneComponent\00. MeshComponent</Filter>
    </ClInclude>
    <ClInclude Include="Animation\AnimationSequence2DData.h">
      <Filter>07. Animation</Filter>
    </ClInclude>
    <ClInclude Include="Animation\AnimationSequence2DInstance.h">
      <Filter>07. Animation</Filter>
    </ClInclude>
    <ClInclude Include="Resource\Animation\AnimationManager.h">
      <Filter>01. Resource\04. Animation</Filter>
    </ClInclude>
    <ClInclude Include="Resource\Animation\AnimationSequence2D.h">
      <Filter>01. Resource\04. Animation</Filter>
    </ClInclude>
    <ClInclude Include="Resource\Shader\Standard2DConstantBuffer.h">
      <Filter>01. Resource\01. Shader\02. ConstantBuffer\03. Standard2D</Filter>
    </ClInclude>
    <ClInclude Include="Resource\Shader\Animation2DConstantBuffer.h">
      <Filter>01. Resource\01. Shader\02. ConstantBuffer\02. Animation2D</Filter>
    </ClInclude>
    <ClInclude Include="imstb_rectpack.h">
      <Filter>00. Engine\07. IMGUI\00. Lib</Filter>
    </ClInclude>
    <ClInclude Include="imstb_textedit.h">
      <Filter>00. Engine\07. IMGUI\00. Lib</Filter>
    </ClInclude>
    <ClInclude Include="imstb_truetype.h">
      <Filter>00. Engine\07. IMGUI\00. Lib</Filter>
    </ClInclude>
    <ClInclude Include="imconfig.h">
      <Filter>00. Engine\07. IMGUI\00. Lib</Filter>
    </ClInclude>
    <ClInclude Include="imgui.h">
      <Filter>00. Engine\07. IMGUI\00. Lib</Filter>
    </ClInclude>
    <ClInclude Include="imgui_impl_dx11.h">
      <Filter>00. Engine\07. IMGUI\00. Lib</Filter>
    </ClInclude>
    <ClInclude Include="imgui_impl_win32.h">
      <Filter>00. Engine\07. IMGUI\00. Lib</Filter>
    </ClInclude>
    <ClInclude Include="imgui_internal.h">
      <Filter>00. Engine\07. IMGUI\00. Lib</Filter>
    </ClInclude>
    <ClInclude Include="IMGUITestWindow.h">
      <Filter>00. Engine\07. IMGUI\02. Widget\01. Window</Filter>
    </ClInclude>
    <ClInclude Include="IMGUIWindow.h">
      <Filter>00. Engine\07. IMGUI\02. Widget\01. Window</Filter>
    </ClInclude>
    <ClInclude Include="IMGUIWidget.h">
      <Filter>00. Engine\07. IMGUI\02. Widget</Filter>
    </ClInclude>
    <ClInclude Include="IMGUIManager.h">
      <Filter>00. Engine\07. IMGUI</Filter>
    </ClInclude>
    <ClInclude Include="IMGUIButton.h">
      <Filter>00. Engine\07. IMGUI\02. Widget\00. Button</Filter>
    </ClInclude>
    <ClInclude Include="IMGUILabel.h">
      <Filter>00. Engine\07. IMGUI\02. Widget\01. Text</Filter>
    </ClInclude>
    <ClInclude Include="IMGUITextInput.h">
      <Filter>00. Engine\07. IMGUI\02. Widget\01. Text</Filter>
    </ClInclude>
    <ClInclude Include="IMGUIText.h">
      <Filter>00. Engine\07. IMGUI\02. Widget\01. Text</Filter>
    </ClInclude>
    <ClInclude Include="IMGUICheckBox.h">
      <Filter>00. Engine\07. IMGUI\02. Widget\00. Button</Filter>
    </ClInclude>
    <ClInclude Include="IMGUIRadio.h">
      <Filter>00. Engine\07. IMGUI\02. Widget\00. Button</Filter>
    </ClInclude>
    <ClInclude Include="IMGUIComboBox.h">
      <Filter>00. Engine\07. IMGUI\02. Widget\02. List</Filter>
    </ClInclude>
    <ClInclude Include="IMGUIListBox.h">
      <Filter>00. Engine\07. IMGUI\02. Widget\02. List</Filter>
    </ClInclude>
    <ClInclude Include="IMGUIImage.h">
      <Filter>00. Engine\07. IMGUI\02. Widget\03. UI</Filter>
    </ClInclude>
    <ClInclude Include="IMGUITree.h">
      <Filter>00. Engine\07. IMGUI\02. Widget\02. List</Filter>
    </ClInclude>
    <ClInclude Include="Resource\Shader\PosMeshShader.h">
      <Filter>01. Resource\01. Shader\01. ShaderClass\00. ColorMesh</Filter>
    </ClInclude>
    <ClInclude Include="Resource\Mesh\StaticMesh.h">
      <Filter>01. Resource\00. Mesh</Filter>
    </ClInclude>
    <ClInclude Include="Component\StaticMeshComponent.h">
      <Filter>04. Component\00. SceneComponent\00. MeshComponent</Filter>
    </ClInclude>
    <ClInclude Include="IMGUISameLine.h">
      <Filter>00. Engine\07. IMGUI\02. Widget\03. UI</Filter>
    </ClInclude>
    <ClInclude Include="Render\DepthStencilState.h">
      <Filter>05. Render\00. RenderState</Filter>
    </ClInclude>
    <ClInclude Include="Collision\CollisionManager.h">
      <Filter>08. Collision</Filter>
    </ClInclude>
    <ClInclude Include="Component\ColliderComponent.h">
      <Filter>04. Component\00. SceneComponent\01. Collider</Filter>
    </ClInclude>
    <ClInclude Include="Component\ColliderBox2D.h">
      <Filter>04. Component\00. SceneComponent\01. Collider</Filter>
    </ClInclude>
    <ClInclude Include="Scene\CollisionSection.h">
      <Filter>02. Scene\02. Collision</Filter>
    </ClInclude>
    <ClInclude Include="Scene\SceneCollision.h">
      <Filter>02. Scene\02. Collision</Filter>
    </ClInclude>
    <ClInclude Include="Resource\Shader\ColliderConstantBuffer.h">
      <Filter>01. Resource\01. Shader\02. ConstantBuffer\04. Collider</Filter>
    </ClInclude>
    <ClInclude Include="Collision\Collision.h">
      <Filter>08. Collision</Filter>
    </ClInclude>
    <ClInclude Include="Component\CameraComponent.h">
      <Filter>04. Component\00. SceneComponent\02. Camera</Filter>
    </ClInclude>
    <ClInclude Include="Scene\CameraManager.h">
      <Filter>02. Scene\03. CameraManager</Filter>
    </ClInclude>
    <ClInclude Include="Component\ColliderCircle.h">
      <Filter>04. Component\00. SceneComponent\01. Collider</Filter>
    </ClInclude>
    <ClInclude Include="Resource\Shader\ColliderShader.h">
      <Filter>01. Resource\01. Shader\01. ShaderClass\02. Collider</Filter>
    </ClInclude>
    <ClInclude Include="Resource\Shader\ColliderPixelShader.h">
      <Filter>01. Resource\01. Shader\01. ShaderClass\02. Collider</Filter>
    </ClInclude>
    <ClInclude Include="Component\ColliderPixel.h">
      <Filter>04. Component\00. SceneComponent\01. Collider</Filter>
    </ClInclude>
    <ClInclude Include="Widget\Widget.h">
      <Filter>09. Widget\01. Widget</Filter>
    </ClInclude>
    <ClInclude Include="Scene\Viewport.h">
      <Filter>02. Scene\04. ViewPort</Filter>
    </ClInclude>
    <ClInclude Include="Resource\Shader\WidgetShader.h">
      <Filter>01. Resource\01. Shader\01. ShaderClass\03. Widget</Filter>
    </ClInclude>
    <ClInclude Include="Resource\Shader\WidgetConstantBuffer.h">
      <Filter>01. Resource\01. Shader\02. ConstantBuffer\05. Widget</Filter>
    </ClInclude>
    <ClInclude Include="Resource\Sound\SoundManager.h">
      <Filter>01. Resource\05. Sound</Filter>
    </ClInclude>
    <ClInclude Include="Resource\Sound\Sound.h">
      <Filter>01. Resource\05. Sound</Filter>
    </ClInclude>
    <ClInclude Include="fmod_dsp.h">
      <Filter>01. Resource\05. Sound\00. FMOD</Filter>
    </ClInclude>
    <ClInclude Include="fmod_dsp_effects.h">
      <Filter>01. Resource\05. Sound\00. FMOD</Filter>
    </ClInclude>
    <ClInclude Include="fmod_errors.h">
      <Filter>01. Resource\05. Sound\00. FMOD</Filter>
    </ClInclude>
    <ClInclude Include="fmod_output.h">
      <Filter>01. Resource\05. Sound\00. FMOD</Filter>
    </ClInclude>
    <ClInclude Include="fmod.h">
      <Filter>01. Resource\05. Sound\00. FMOD</Filter>
    </ClInclude>
    <ClInclude Include="fmod.hpp">
      <Filter>01. Resource\05. Sound\00. FMOD</Filter>
    </ClInclude>
    <ClInclude Include="fmod_codec.h">
      <Filter>01. Resource\05. Sound\00. FMOD</Filter>
    </ClInclude>
    <ClInclude Include="fmod_common.h">
      <Filter>01. Resource\05. Sound\00. FMOD</Filter>
    </ClInclude>
    <ClInclude Include="Resource\Font\FontManager.h">
      <Filter>01. Resource\06. Font</Filter>
    </ClInclude>
    <ClInclude Include="Widget\WidgetWindow.h">
      <Filter>09. Widget\00. WIndow</Filter>
    </ClInclude>
    <ClInclude Include="Widget\Button.h">
      <Filter>09. Widget\01. Widget\00. Button</Filter>
    </ClInclude>
    <ClInclude Include="Widget\Text.h">
      <Filter>09. Widget\01. Widget\01. Text</Filter>
    </ClInclude>
    <ClInclude Include="Widget\ProgressBar.h">
      <Filter>09. Widget\01. Widget\02. Progress</Filter>
    </ClInclude>
    <ClInclude Include="Widget\Image.h">
      <Filter>09. Widget\01. Widget\03. Image</Filter>
    </ClInclude>
    <ClInclude Include="Widget\Slider.h">
      <Filter>09. Widget\01. Widget\04. Slider</Filter>
    </ClInclude>
    <ClInclude Include="Widget\SliderBar.h">
      <Filter>09. Widget\01. Widget\04. Slider</Filter>
    </ClInclude>
    <ClInclude Include="Resource\Shader\ProgressBarConstantBuffer.h">
      <Filter>01. Resource\01. Shader\02. ConstantBuffer\05. Widget</Filter>
    </ClInclude>
    <ClInclude Include="Resource\Shader\ProgressBarShader.h">
      <Filter>01. Resource\01. Shader\01. ShaderClass\03. Widget</Filter>
    </ClInclude>
    <ClInclude Include="Component\WidgetComponent.h">
      <Filter>04. Component\00. SceneComponent\03. Widget</Filter>
    </ClInclude>
    <ClInclude Include="Resource\Shader\NumberShader.h">
      <Filter>01. Resource\01. Shader\01. ShaderClass\03. Widget</Filter>
    </ClInclude>
    <ClInclude Include="Widget\Number.h">
      <Filter>09. Widget\01. Widget\05. Number</Filter>
    </ClInclude>
    <ClInclude Include="Thread.h">
      <Filter>00. Engine\08. Thread</Filter>
    </ClInclude>
    <ClInclude Include="Sync.h">
      <Filter>00. Engine\08. Thread</Filter>
    </ClInclude>
    <ClInclude Include="Resource\Shader\StructuredBuffer.h">
      <Filter>01. Resource\01. Shader\03. StructuredBuffer</Filter>
    </ClInclude>
    <ClInclude Include="..\..\..\..\Source\DirectX\GameEngine\Include\ThreadQueue.h">
      <Filter>00. Engine\08. Thread</Filter>
    </ClInclude>
    <ClInclude Include="Resource\Shader\GlobalConstantBuffer.h">
      <Filter>01. Resource\01. Shader\02. ConstantBuffer\06. Global</Filter>
    </ClInclude>
    <ClInclude Include="Resource\Shader\ParticleConstantBuffer.h">
      <Filter>01. Resource\01. Shader\02. ConstantBuffer\07. Particle</Filter>
    </ClInclude>
    <ClInclude Include="Resource\Shader\ParticleUpdateShader.h">
      <Filter>01. Resource\01. Shader\01. ShaderClass\04. Particle</Filter>
    </ClInclude>
    <ClInclude Include="Resource\Particle\ParticleManager.h">
      <Filter>01. Resource\07. Particle</Filter>
    </ClInclude>
    <ClInclude Include="Resource\Particle\Particle.h">
      <Filter>01. Resource\07. Particle</Filter>
    </ClInclude>
    <ClInclude Include="Component\ParticleComponent.h">
      <Filter>04. Component\00. SceneComponent\04. Particle</Filter>
    </ClInclude>
    <ClInclude Include="Resource\Shader\ParticleRenderShader.h">
      <Filter>01. Resource\01. Shader\01. ShaderClass\04. Particle</Filter>
    </ClInclude>
    <ClInclude Include="Component\PaperBurnComponent.h">
      <Filter>04. Component\01. ObjectComponent\00. PaperBurn</Filter>
    </ClInclude>
    <ClInclude Include="Resource\Shader\PaperBurnConstantBuffer.h">
      <Filter>01. Resource\01. Shader\02. ConstantBuffer\08. PaperBurn</Filter>
    </ClInclude>
    <ClInclude Include="Component\TileMapComponent.h">
      <Filter>04. Component\00. SceneComponent\05. TileMap</Filter>
    </ClInclude>
    <ClInclude Include="Component\Tile.h">
      <Filter>04. Component\00. SceneComponent\05. TileMap</Filter>
    </ClInclude>
    <ClInclude Include="Resource\Shader\TileMapShader.h">
      <Filter>01. Resource\01. Shader\01. ShaderClass\05. TileMap</Filter>
    </ClInclude>
    <ClInclude Include="Resource\Shader\TileMapConstantBuffer.h">
      <Filter>01. Resource\01. Shader\02. ConstantBuffer\09. TileMap</Filter>
    </ClInclude>
    <ClInclude Include="Scene\NavigationThread.h">
      <Filter>02. Scene\05. Navigation</Filter>
    </ClInclude>
    <ClInclude Include="Scene\Navigation.h">
      <Filter>02. Scene\05. Navigation</Filter>
    </ClInclude>
    <ClInclude Include="Scene\NavigationManager.h">
      <Filter>02. Scene\05. Navigation</Filter>
    </ClInclude>
    <ClInclude Include="Component\NavAgent.h">
      <Filter>04. Component\01. ObjectComponent\01. NavAgent</Filter>
    </ClInclude>
    <ClInclude Include="Public.h">
      <Filter>00. Engine\09. Public</Filter>
    </ClInclude>
  </ItemGroup>
  <ItemGroup>
    <ClCompile Include="Engine.cpp">
      <Filter>00. Engine</Filter>
    </ClCompile>
    <ClCompile Include="Device.cpp">
      <Filter>00. Engine\00. Device</Filter>
    </ClCompile>
    <ClCompile Include="Matrix.cpp">
      <Filter>00. Engine\01. Math</Filter>
    </ClCompile>
    <ClCompile Include="Vector2.cpp">
      <Filter>00. Engine\01. Math</Filter>
    </ClCompile>
    <ClCompile Include="Vector3.cpp">
      <Filter>00. Engine\01. Math</Filter>
    </ClCompile>
    <ClCompile Include="Vector4.cpp">
      <Filter>00. Engine\01. Math</Filter>
    </ClCompile>
    <ClCompile Include="Ref.cpp">
      <Filter>00. Engine\02. Ref</Filter>
    </ClCompile>
    <ClCompile Include="Resource\ResourceManager.cpp">
      <Filter>01. Resource</Filter>
    </ClCompile>
    <ClCompile Include="Resource\Shader\Shader.cpp">
      <Filter>01. Resource\01. Shader\01. ShaderClass</Filter>
    </ClCompile>
    <ClCompile Include="Resource\Shader\GraphicShader.cpp">
      <Filter>01. Resource\01. Shader\01. ShaderClass</Filter>
    </ClCompile>
    <ClCompile Include="Resource\Shader\ComputeShader.cpp">
      <Filter>01. Resource\01. Shader\01. ShaderClass</Filter>
    </ClCompile>
    <ClCompile Include="Resource\Shader\ColorMeshShader.cpp">
      <Filter>01. Resource\01. Shader\01. ShaderClass\00. ColorMesh</Filter>
    </ClCompile>
    <ClCompile Include="PathManager.cpp">
      <Filter>00. Engine\04. Path</Filter>
    </ClCompile>
    <ClCompile Include="Resource\Mesh\Mesh.cpp">
      <Filter>01. Resource\00. Mesh</Filter>
    </ClCompile>
    <ClCompile Include="Resource\Mesh\SpriteMesh.cpp">
      <Filter>01. Resource\00. Mesh</Filter>
    </ClCompile>
    <ClCompile Include="Resource\Mesh\MeshManager.cpp">
      <Filter>01. Resource\00. Mesh</Filter>
    </ClCompile>
    <ClCompile Include="Resource\Shader\ShaderManager.cpp">
      <Filter>01. Resource\01. Shader</Filter>
    </ClCompile>
    <ClCompile Include="Scene\Scene.cpp">
      <Filter>02. Scene</Filter>
    </ClCompile>
    <ClCompile Include="Scene\SceneManager.cpp">
      <Filter>02. Scene</Filter>
    </ClCompile>
    <ClCompile Include="Timer.cpp">
      <Filter>00. Engine\05. Timer</Filter>
    </ClCompile>
    <ClCompile Include="Scene\SceneMode.cpp">
      <Filter>02. Scene\00. SceneMode</Filter>
    </ClCompile>
    <ClCompile Include="GameObject\GameObject.cpp">
      <Filter>03. GameObject</Filter>
    </ClCompile>
    <ClCompile Include="Component\Component.cpp">
      <Filter>04. Component</Filter>
    </ClCompile>
    <ClCompile Include="Component\SceneComponent.cpp">
      <Filter>04. Component\00. SceneComponent</Filter>
    </ClCompile>
    <ClCompile Include="Component\ObjectComponent.cpp">
      <Filter>04. Component\01. ObjectComponent</Filter>
    </ClCompile>
    <ClCompile Include="Resource\Material\Material.cpp">
      <Filter>01. Resource\02. Material</Filter>
    </ClCompile>
    <ClCompile Include="Resource\Material\MaterialManager.cpp">
      <Filter>01. Resource\02. Material</Filter>
    </ClCompile>
    <ClCompile Include="Scene\SceneResource.cpp">
      <Filter>02. Scene\01. SceneResource</Filter>
    </ClCompile>
    <ClCompile Include="Component\Transform.cpp">
      <Filter>04. Component\00. SceneComponent</Filter>
    </ClCompile>
    <ClCompile Include="Resource\Shader\ConstantBuffer.cpp">
      <Filter>01. Resource\01. Shader\02. ConstantBuffer</Filter>
    </ClCompile>
    <ClCompile Include="Resource\Shader\ConstantBufferBase.cpp">
      <Filter>01. Resource\01. Shader\02. ConstantBuffer</Filter>
    </ClCompile>
    <ClCompile Include="Resource\Shader\TransformConstantBuffer.cpp">
      <Filter>01. Resource\01. Shader\02. ConstantBuffer\00. Transform</Filter>
    </ClCompile>
    <ClCompile Include="Render\RenderManager.cpp">
      <Filter>05. Render</Filter>
    </ClCompile>
    <ClCompile Include="Input.cpp">
      <Filter>00. Engine\06. Input</Filter>
    </ClCompile>
    <ClCompile Include="Resource\Texture\TextureManager.cpp">
      <Filter>01. Resource\03. Texture</Filter>
    </ClCompile>
    <ClCompile Include="Resource\Texture\Texture.cpp">
      <Filter>01. Resource\03. Texture</Filter>
    </ClCompile>
    <ClCompile Include="Excel\ExcelManager.cpp">
      <Filter>06. Excel</Filter>
    </ClCompile>
    <ClCompile Include="Resource\Shader\Mesh2DShader.cpp">
      <Filter>01. Resource\01. Shader\01. ShaderClass\01. Mesh2D</Filter>
    </ClCompile>
    <ClCompile Include="Excel\Excel.cpp">
      <Filter>06. Excel</Filter>
    </ClCompile>
    <ClCompile Include="Excel\Character\Excel_Player.cpp">
      <Filter>06. Excel\01. Character\00. Player</Filter>
    </ClCompile>
    <ClCompile Include="Resource\Shader\MaterialConstantBuffer.cpp">
      <Filter>01. Resource\01. Shader\02. ConstantBuffer\01. Material</Filter>
    </ClCompile>
    <ClCompile Include="Render\RenderStateManager.cpp">
      <Filter>05. Render\00. RenderState</Filter>
    </ClCompile>
    <ClCompile Include="Render\RenderState.cpp">
      <Filter>05. Render\00. RenderState</Filter>
    </ClCompile>
    <ClCompile Include="Render\BlendState.cpp">
      <Filter>05. Render\00. RenderState</Filter>
    </ClCompile>
    <ClCompile Include="Component\SpriteComponent.cpp">
      <Filter>04. Component\00. SceneComponent\00. MeshComponent</Filter>
    </ClCompile>
    <ClCompile Include="Animation\AnimationSequence2DData.cpp">
      <Filter>07. Animation</Filter>
    </ClCompile>
    <ClCompile Include="Animation\AnimationSequence2DInstance.cpp">
      <Filter>07. Animation</Filter>
    </ClCompile>
    <ClCompile Include="Resource\Animation\AnimationManager.cpp">
      <Filter>01. Resource\04. Animation</Filter>
    </ClCompile>
    <ClCompile Include="Resource\Animation\AnimationSequence2D.cpp">
      <Filter>01. Resource\04. Animation</Filter>
    </ClCompile>
    <ClCompile Include="Resource\Shader\Standard2DConstantBuffer.cpp">
      <Filter>01. Resource\01. Shader\02. ConstantBuffer\03. Standard2D</Filter>
    </ClCompile>
    <ClCompile Include="Resource\Shader\Animation2DConstantBuffer.cpp">
      <Filter>01. Resource\01. Shader\02. ConstantBuffer\02. Animation2D</Filter>
    </ClCompile>
    <ClCompile Include="imgui_tables.cpp">
      <Filter>00. Engine\07. IMGUI\00. Lib</Filter>
    </ClCompile>
    <ClCompile Include="imgui_widgets.cpp">
      <Filter>00. Engine\07. IMGUI\00. Lib</Filter>
    </ClCompile>
    <ClCompile Include="imgui.cpp">
      <Filter>00. Engine\07. IMGUI\00. Lib</Filter>
    </ClCompile>
    <ClCompile Include="imgui_demo.cpp">
      <Filter>00. Engine\07. IMGUI\00. Lib</Filter>
    </ClCompile>
    <ClCompile Include="imgui_draw.cpp">
      <Filter>00. Engine\07. IMGUI\00. Lib</Filter>
    </ClCompile>
    <ClCompile Include="imgui_impl_dx11.cpp">
      <Filter>00. Engine\07. IMGUI\00. Lib</Filter>
    </ClCompile>
    <ClCompile Include="imgui_impl_win32.cpp">
      <Filter>00. Engine\07. IMGUI\00. Lib</Filter>
    </ClCompile>
    <ClCompile Include="IMGUIWindow.cpp">
      <Filter>00. Engine\07. IMGUI\02. Widget\01. Window</Filter>
    </ClCompile>
    <ClCompile Include="IMGUITestWindow.cpp">
      <Filter>00. Engine\07. IMGUI\02. Widget\01. Window</Filter>
    </ClCompile>
    <ClCompile Include="IMGUIWidget.cpp">
      <Filter>00. Engine\07. IMGUI\02. Widget</Filter>
    </ClCompile>
    <ClCompile Include="IMGUIManager.cpp">
      <Filter>00. Engine\07. IMGUI</Filter>
    </ClCompile>
    <ClCompile Include="IMGUIButton.cpp">
      <Filter>00. Engine\07. IMGUI\02. Widget\00. Button</Filter>
    </ClCompile>
    <ClCompile Include="IMGUILabel.cpp">
      <Filter>00. Engine\07. IMGUI\02. Widget\01. Text</Filter>
    </ClCompile>
    <ClCompile Include="IMGUITextInput.cpp">
      <Filter>00. Engine\07. IMGUI\02. Widget\01. Text</Filter>
    </ClCompile>
    <ClCompile Include="IMGUIText.cpp">
      <Filter>00. Engine\07. IMGUI\02. Widget\01. Text</Filter>
    </ClCompile>
    <ClCompile Include="IMGUICheckBox.cpp">
      <Filter>00. Engine\07. IMGUI\02. Widget\00. Button</Filter>
    </ClCompile>
    <ClCompile Include="IMGUIRadio.cpp">
      <Filter>00. Engine\07. IMGUI\02. Widget\00. Button</Filter>
    </ClCompile>
    <ClCompile Include="IMGUIComboBox.cpp">
      <Filter>00. Engine\07. IMGUI\02. Widget\02. List</Filter>
    </ClCompile>
    <ClCompile Include="IMGUIListBox.cpp">
      <Filter>00. Engine\07. IMGUI\02. Widget\02. List</Filter>
    </ClCompile>
    <ClCompile Include="IMGUIImage.cpp">
      <Filter>00. Engine\07. IMGUI\02. Widget\03. UI</Filter>
    </ClCompile>
    <ClCompile Include="IMGUITree.cpp">
      <Filter>00. Engine\07. IMGUI\02. Widget\02. List</Filter>
    </ClCompile>
    <ClCompile Include="Resource\Shader\PosMeshShader.cpp">
      <Filter>01. Resource\01. Shader\01. ShaderClass\00. ColorMesh</Filter>
    </ClCompile>
    <ClCompile Include="Resource\Mesh\StaticMesh.cpp">
      <Filter>01. Resource\00. Mesh</Filter>
    </ClCompile>
    <ClCompile Include="Component\StaticMeshComponent.cpp">
      <Filter>04. Component\00. SceneComponent\00. MeshComponent</Filter>
    </ClCompile>
    <ClCompile Include="IMGUISameLine.cpp">
      <Filter>00. Engine\07. IMGUI\02. Widget\03. UI</Filter>
    </ClCompile>
    <ClCompile Include="Render\DepthStencilState.cpp">
      <Filter>05. Render\00. RenderState</Filter>
    </ClCompile>
    <ClCompile Include="Collision\CollisionManager.cpp">
      <Filter>08. Collision</Filter>
    </ClCompile>
    <ClCompile Include="Component\ColliderComponent.cpp">
      <Filter>04. Component\00. SceneComponent\01. Collider</Filter>
    </ClCompile>
    <ClCompile Include="Component\ColliderBox2D.cpp">
      <Filter>04. Component\00. SceneComponent\01. Collider</Filter>
    </ClCompile>
    <ClCompile Include="Scene\SceneCollision.cpp">
      <Filter>02. Scene\02. Collision</Filter>
    </ClCompile>
    <ClCompile Include="Scene\CollisionSection.cpp">
      <Filter>02. Scene\02. Collision</Filter>
    </ClCompile>
    <ClCompile Include="Resource\Shader\ColliderConstantBuffer.cpp">
      <Filter>01. Resource\01. Shader\02. ConstantBuffer\04. Collider</Filter>
    </ClCompile>
    <ClCompile Include="Collision\Collision.cpp">
      <Filter>08. Collision</Filter>
    </ClCompile>
    <ClCompile Include="Component\CameraComponent.cpp">
      <Filter>04. Component\00. SceneComponent\02. Camera</Filter>
    </ClCompile>
    <ClCompile Include="Scene\CameraManager.cpp">
      <Filter>02. Scene\03. CameraManager</Filter>
    </ClCompile>
    <ClCompile Include="Component\ColliderCircle.cpp">
      <Filter>04. Component\00. SceneComponent\01. Collider</Filter>
    </ClCompile>
    <ClCompile Include="Resource\Shader\ColliderShader.cpp">
      <Filter>01. Resource\01. Shader\01. ShaderClass\02. Collider</Filter>
    </ClCompile>
    <ClCompile Include="Resource\Shader\ColliderPixelShader.cpp">
      <Filter>01. Resource\01. Shader\01. ShaderClass\02. Collider</Filter>
    </ClCompile>
    <ClCompile Include="Component\ColliderPixel.cpp">
      <Filter>04. Component\00. SceneComponent\01. Collider</Filter>
    </ClCompile>
    <ClCompile Include="Widget\Widget.cpp">
      <Filter>09. Widget\01. Widget</Filter>
    </ClCompile>
    <ClCompile Include="Scene\Viewport.cpp">
      <Filter>02. Scene\04. ViewPort</Filter>
    </ClCompile>
    <ClCompile Include="Resource\Shader\WidgetShader.cpp">
      <Filter>01. Resource\01. Shader\01. ShaderClass\03. Widget</Filter>
    </ClCompile>
    <ClCompile Include="Resource\Shader\WidgetConstantBuffer.cpp">
      <Filter>01. Resource\01. Shader\02. ConstantBuffer\05. Widget</Filter>
    </ClCompile>
    <ClCompile Include="Resource\Sound\Sound.cpp">
      <Filter>01. Resource\05. Sound</Filter>
    </ClCompile>
    <ClCompile Include="Resource\Sound\SoundManager.cpp">
      <Filter>01. Resource\05. Sound</Filter>
    </ClCompile>
    <ClCompile Include="Resource\Font\FontManager.cpp">
      <Filter>01. Resource\06. Font</Filter>
    </ClCompile>
    <ClCompile Include="Widget\WidgetWindow.cpp">
      <Filter>09. Widget\00. WIndow</Filter>
    </ClCompile>
    <ClCompile Include="Widget\Button.cpp">
      <Filter>09. Widget\01. Widget\00. Button</Filter>
    </ClCompile>
    <ClCompile Include="Widget\Text.cpp">
      <Filter>09. Widget\01. Widget\01. Text</Filter>
    </ClCompile>
    <ClCompile Include="Widget\ProgressBar.cpp">
      <Filter>09. Widget\01. Widget\02. Progress</Filter>
    </ClCompile>
    <ClCompile Include="Widget\Image.cpp">
      <Filter>09. Widget\01. Widget\03. Image</Filter>
    </ClCompile>
    <ClCompile Include="Widget\SliderBar.cpp">
      <Filter>09. Widget\01. Widget\04. Slider</Filter>
    </ClCompile>
    <ClCompile Include="Widget\Slider.cpp">
      <Filter>09. Widget\01. Widget\04. Slider</Filter>
    </ClCompile>
    <ClCompile Include="Resource\Shader\ProgressBarConstantBuffer.cpp">
      <Filter>01. Resource\01. Shader\02. ConstantBuffer\05. Widget</Filter>
    </ClCompile>
    <ClCompile Include="Resource\Shader\ProgressBarShader.cpp">
      <Filter>01. Resource\01. Shader\01. ShaderClass\03. Widget</Filter>
    </ClCompile>
    <ClCompile Include="Component\WidgetComponent.cpp">
      <Filter>04. Component\00. SceneComponent\03. Widget</Filter>
    </ClCompile>
    <ClCompile Include="Resource\Shader\NumberShader.cpp">
      <Filter>01. Resource\01. Shader\01. ShaderClass\03. Widget</Filter>
    </ClCompile>
    <ClCompile Include="Widget\Number.cpp">
      <Filter>09. Widget\01. Widget\05. Number</Filter>
    </ClCompile>
    <ClCompile Include="Thread.cpp">
      <Filter>00. Engine\08. Thread</Filter>
    </ClCompile>
    <ClCompile Include="Resource\Shader\StructuredBuffer.cpp">
      <Filter>01. Resource\01. Shader\03. StructuredBuffer</Filter>
    </ClCompile>
    <ClCompile Include="Resource\Shader\GlobalConstantBuffer.cpp">
      <Filter>01. Resource\01. Shader\02. ConstantBuffer\06. Global</Filter>
    </ClCompile>
    <ClCompile Include="Resource\Shader\ParticleConstantBuffer.cpp">
      <Filter>01. Resource\01. Shader\02. ConstantBuffer\07. Particle</Filter>
    </ClCompile>
    <ClCompile Include="Resource\Shader\ParticleUpdateShader.cpp">
      <Filter>01. Resource\01. Shader\01. ShaderClass\04. Particle</Filter>
    </ClCompile>
    <ClCompile Include="Resource\Particle\ParticleManager.cpp">
      <Filter>01. Resource\07. Particle</Filter>
    </ClCompile>
    <ClCompile Include="Resource\Particle\Particle.cpp">
      <Filter>01. Resource\07. Particle</Filter>
    </ClCompile>
    <ClCompile Include="Component\ParticleComponent.cpp">
      <Filter>04. Component\00. SceneComponent\04. Particle</Filter>
    </ClCompile>
    <ClCompile Include="Resource\Shader\ParticleRenderShader.cpp">
      <Filter>01. Resource\01. Shader\01. ShaderClass\04. Particle</Filter>
    </ClCompile>
    <ClCompile Include="Component\PaperBurnComponent.cpp">
      <Filter>04. Component\01. ObjectComponent\00. PaperBurn</Filter>
    </ClCompile>
    <ClCompile Include="Resource\Shader\PaperBurnConstantBuffer.cpp">
      <Filter>01. Resource\01. Shader\02. ConstantBuffer\08. PaperBurn</Filter>
    </ClCompile>
    <ClCompile Include="Component\TileMapComponent.cpp">
      <Filter>04. Component\00. SceneComponent\05. TileMap</Filter>
    </ClCompile>
    <ClCompile Include="Component\Tile.cpp">
      <Filter>04. Component\00. SceneComponent\05. TileMap</Filter>
    </ClCompile>
    <ClCompile Include="Resource\Shader\TileMapShader.cpp">
      <Filter>01. Resource\01. Shader\01. ShaderClass\05. TileMap</Filter>
    </ClCompile>
    <ClCompile Include="Resource\Shader\TileMapConstantBuffer.cpp">
      <Filter>01. Resource\01. Shader\02. ConstantBuffer\09. TileMap</Filter>
    </ClCompile>
    <ClCompile Include="Scene\Navigation.cpp">
      <Filter>02. Scene\05. Navigation</Filter>
    </ClCompile>
    <ClCompile Include="Scene\NavigationManager.cpp">
      <Filter>02. Scene\05. Navigation</Filter>
    </ClCompile>
    <ClCompile Include="Scene\NavigationThread.cpp">
      <Filter>02. Scene\05. Navigation</Filter>
    </ClCompile>
    <ClCompile Include="Component\NavAgent.cpp">
      <Filter>04. Component\01. ObjectComponent\01. NavAgent</Filter>
    </ClCompile>
    <ClCompile Include="Public.cpp">
      <Filter>00. Engine\09. Public</Filter>
    </ClCompile>
  </ItemGroup>
  <ItemGroup>
    <FxCompile Include="..\Bin\Shader\ShaderInfo.fx">
      <Filter>01. Resource\01. Shader\00. HLSL</Filter>
    </FxCompile>
    <FxCompile Include="..\Bin\Shader\ColorMesh.fx">
      <Filter>01. Resource\01. Shader\00. HLSL</Filter>
    </FxCompile>
    <FxCompile Include="..\Bin\Shader\Mesh2D.fx">
      <Filter>01. Resource\01. Shader\00. HLSL</Filter>
    </FxCompile>
    <FxCompile Include="..\Bin\Shader\Collider.fx">
      <Filter>01. Resource\01. Shader\00. HLSL</Filter>
    </FxCompile>
    <FxCompile Include="..\Bin\Shader\Widget.fx">
      <Filter>01. Resource\01. Shader\00. HLSL</Filter>
    </FxCompile>
    <FxCompile Include="..\Bin\Shader\Particle.fx">
      <Filter>01. Resource\01. Shader\00. HLSL</Filter>
    </FxCompile>
    <FxCompile Include="..\Bin\Shader\TileMap.fx">
      <Filter>01. Resource\01. Shader\00. HLSL</Filter>
    </FxCompile>
  </ItemGroup>
  <ItemGroup>
    <None Include="Resource\Texture\DirectXTex.inl">
      <Filter>01. Resource\03. Texture</Filter>
    </None>
    <None Include="Excel\libxl.dll">
      <Filter>06. Excel\00. Library</Filter>
    </None>
    <None Include="fmod_errors.cs">
      <Filter>01. Resource\05. Sound\00. FMOD</Filter>
    </None>
    <None Include="fmod.cs">
      <Filter>01. Resource\05. Sound\00. FMOD</Filter>
    </None>
    <None Include="fmod_dsp.cs">
      <Filter>01. Resource\05. Sound\00. FMOD</Filter>
    </None>
  </ItemGroup>
  <ItemGroup>
    <Library Include="Excel\libxl.lib">
      <Filter>06. Excel\00. Library</Filter>
    </Library>
  </ItemGroup>
</Project>