<?xml version="1.0" encoding="utf-8"?>
<Project ToolsVersion="4.0" xmlns="http://schemas.microsoft.com/developer/msbuild/2003">
  <ItemGroup>
    <Filter Include="소스 파일">
      <UniqueIdentifier>{4FC737F1-C7A5-4376-A066-2A32D752A2FF}</UniqueIdentifier>
      <Extensions>cpp;c;cc;cxx;c++;cppm;ixx;def;odl;idl;hpj;bat;asm;asmx</Extensions>
    </Filter>
    <Filter Include="헤더 파일">
      <UniqueIdentifier>{93995380-89BD-4b04-88EB-625FBE52EBFB}</UniqueIdentifier>
      <Extensions>h;hh;hpp;hxx;h++;hm;inl;inc;ipp;xsd</Extensions>
    </Filter>
    <Filter Include="리소스 파일">
      <UniqueIdentifier>{67DA6AB6-F800-4c08-8B7A-83BB121AAD01}</UniqueIdentifier>
      <Extensions>rc;ico;cur;bmp;dlg;rc2;rct;bin;rgs;gif;jpg;jpeg;jpe;resx;tiff;tif;png;wav;mfcribbon-ms</Extensions>
    </Filter>
    <Filter Include="00. Engine">
      <UniqueIdentifier>{ec634f14-860f-43c8-9000-0840ebbbd8d7}</UniqueIdentifier>
    </Filter>
    <Filter Include="00. Engine\00. Device">
      <UniqueIdentifier>{bbc0791f-4898-463c-9b2a-a158a571e5c8}</UniqueIdentifier>
    </Filter>
    <Filter Include="00. Engine\01. Math">
      <UniqueIdentifier>{e59fbea0-ad73-4351-9956-608bf1e39fd4}</UniqueIdentifier>
    </Filter>
    <Filter Include="00. Engine\02. Ref">
      <UniqueIdentifier>{c58e5195-90a1-4d39-b7e7-385eb5d2dd12}</UniqueIdentifier>
    </Filter>
    <Filter Include="00. Engine\03. SharedPtr">
      <UniqueIdentifier>{d1cce318-f104-44d4-baa6-ed6d138dc6de}</UniqueIdentifier>
    </Filter>
    <Filter Include="01. Resource">
      <UniqueIdentifier>{75be4871-57be-4458-b408-ab0521b1433d}</UniqueIdentifier>
    </Filter>
    <Filter Include="01. Resource\00. Mesh">
      <UniqueIdentifier>{169c72d5-31c9-4895-911e-d67a1c8080b7}</UniqueIdentifier>
    </Filter>
    <Filter Include="00. Engine\04. Path">
      <UniqueIdentifier>{b91fe6cf-720a-4667-9126-e2b258713e44}</UniqueIdentifier>
    </Filter>
    <Filter Include="01. Resource\01. Shader">
      <UniqueIdentifier>{7f15aae4-d4be-40d8-83a2-344038e28bfd}</UniqueIdentifier>
    </Filter>
    <Filter Include="01. Resource\01. Shader\00. HLSL">
      <UniqueIdentifier>{3e279c32-2aaf-4f0b-bffc-ebce45d3a1a3}</UniqueIdentifier>
    </Filter>
    <Filter Include="01. Resource\01. Shader\01. Shader">
      <UniqueIdentifier>{02d79097-c52e-49cb-84f5-71abc31ab3a3}</UniqueIdentifier>
    </Filter>
    <Filter Include="01. Resource\01. Shader\01. Shader\00. ColorMesh">
      <UniqueIdentifier>{a2d2377f-c584-4a85-a8cc-6d6880c9bc20}</UniqueIdentifier>
    </Filter>
    <Filter Include="00. Engine\05. Timer">
      <UniqueIdentifier>{b71df584-3852-41a9-82e0-fd3a0f14ef78}</UniqueIdentifier>
    </Filter>
    <Filter Include="02. Scene">
      <UniqueIdentifier>{a3d2d019-39b0-41b8-ac3f-4a12cc924e42}</UniqueIdentifier>
    </Filter>
    <Filter Include="03. GameObject">
      <UniqueIdentifier>{899a9109-419b-48d5-b5ed-0ccc9475257b}</UniqueIdentifier>
    </Filter>
    <Filter Include="02. Scene\00. SceneMode">
      <UniqueIdentifier>{e350b7b5-920c-4cea-8975-ca90c37ae0ae}</UniqueIdentifier>
    </Filter>
  </ItemGroup>
  <ItemGroup>
    <ClInclude Include="GameInfo.h">
      <Filter>헤더 파일</Filter>
    </ClInclude>
    <ClInclude Include="Engine.h">
      <Filter>00. Engine</Filter>
    </ClInclude>
    <ClInclude Include="Device.h">
      <Filter>00. Engine\00. Device</Filter>
    </ClInclude>
    <ClInclude Include="EngineMath.h">
      <Filter>00. Engine\01. Math</Filter>
    </ClInclude>
    <ClInclude Include="Matrix.h">
      <Filter>00. Engine\01. Math</Filter>
    </ClInclude>
    <ClInclude Include="Vector2.h">
      <Filter>00. Engine\01. Math</Filter>
    </ClInclude>
    <ClInclude Include="Vector3.h">
      <Filter>00. Engine\01. Math</Filter>
    </ClInclude>
    <ClInclude Include="Vector4.h">
      <Filter>00. Engine\01. Math</Filter>
    </ClInclude>
    <ClInclude Include="Flag.h">
      <Filter>헤더 파일</Filter>
    </ClInclude>
    <ClInclude Include="Ref.h">
      <Filter>00. Engine\02. Ref</Filter>
    </ClInclude>
    <ClInclude Include="SharedPtr.h">
      <Filter>00. Engine\03. SharedPtr</Filter>
    </ClInclude>
    <ClInclude Include="Resource\ResourceManager.h">
      <Filter>01. Resource</Filter>
    </ClInclude>
    <ClInclude Include="PathManager.h">
      <Filter>00. Engine\04. Path</Filter>
    </ClInclude>
    <ClInclude Include="Resource\Shader\Shader.h">
      <Filter>01. Resource\01. Shader\01. Shader</Filter>
    </ClInclude>
    <ClInclude Include="Resource\Shader\GraphicShader.h">
      <Filter>01. Resource\01. Shader\01. Shader</Filter>
    </ClInclude>
    <ClInclude Include="Resource\Shader\ComputeShader.h">
      <Filter>01. Resource\01. Shader\01. Shader</Filter>
    </ClInclude>
    <ClInclude Include="Resource\Shader\ColorMeshShader.h">
      <Filter>01. Resource\01. Shader\01. Shader\00. ColorMesh</Filter>
    </ClInclude>
    <ClInclude Include="Timer.h">
      <Filter>00. Engine\05. Timer</Filter>
    </ClInclude>
    <ClInclude Include="Resource\Mesh\SpriteMesh.h">
      <Filter>01. Resource\00. Mesh</Filter>
    </ClInclude>
    <ClInclude Include="Resource\Mesh\Mesh.h">
      <Filter>01. Resource\00. Mesh</Filter>
    </ClInclude>
    <ClInclude Include="Resource\Shader\ShaderManager.h">
      <Filter>01. Resource\01. Shader</Filter>
    </ClInclude>
    <ClInclude Include="Resource\Mesh\MeshManager.h">
      <Filter>01. Resource\00. Mesh</Filter>
    </ClInclude>
    <ClInclude Include="GameObject\GameObject.h">
      <Filter>03. GameObject</Filter>
    </ClInclude>
    <ClInclude Include="Scene\Scene.h">
      <Filter>02. Scene</Filter>
    </ClInclude>
    <ClInclude Include="Scene\SceneManager.h">
      <Filter>02. Scene</Filter>
    </ClInclude>
    <ClInclude Include="Scene\SceneMode.h">
      <Filter>02. Scene\00. SceneMode</Filter>
    </ClInclude>
  </ItemGroup>
  <ItemGroup>
    <ClCompile Include="Engine.cpp">
      <Filter>00. Engine</Filter>
    </ClCompile>
    <ClCompile Include="Device.cpp">
      <Filter>00. Engine\00. Device</Filter>
    </ClCompile>
    <ClCompile Include="Matrix.cpp">
      <Filter>00. Engine\01. Math</Filter>
    </ClCompile>
    <ClCompile Include="Vector2.cpp">
      <Filter>00. Engine\01. Math</Filter>
    </ClCompile>
    <ClCompile Include="Vector3.cpp">
      <Filter>00. Engine\01. Math</Filter>
    </ClCompile>
    <ClCompile Include="Vector4.cpp">
      <Filter>00. Engine\01. Math</Filter>
    </ClCompile>
    <ClCompile Include="Ref.cpp">
      <Filter>00. Engine\02. Ref</Filter>
    </ClCompile>
    <ClCompile Include="Resource\ResourceManager.cpp">
      <Filter>01. Resource</Filter>
    </ClCompile>
    <ClCompile Include="PathManager.cpp">
      <Filter>00. Engine\04. Path</Filter>
    </ClCompile>
    <ClCompile Include="Resource\Shader\Shader.cpp">
      <Filter>01. Resource\01. Shader\01. Shader</Filter>
    </ClCompile>
    <ClCompile Include="Resource\Shader\GraphicShader.cpp">
      <Filter>01. Resource\01. Shader\01. Shader</Filter>
    </ClCompile>
    <ClCompile Include="Resource\Shader\ComputeShader.cpp">
      <Filter>01. Resource\01. Shader\01. Shader</Filter>
    </ClCompile>
    <ClCompile Include="Resource\Shader\ColorMeshShader.cpp">
      <Filter>01. Resource\01. Shader\01. Shader\00. ColorMesh</Filter>
    </ClCompile>
    <ClCompile Include="Timer.cpp">
      <Filter>00. Engine\05. Timer</Filter>
    </ClCompile>
    <ClCompile Include="Resource\Mesh\SpriteMesh.cpp">
      <Filter>01. Resource\00. Mesh</Filter>
    </ClCompile>
    <ClCompile Include="Resource\Mesh\Mesh.cpp">
      <Filter>01. Resource\00. Mesh</Filter>
    </ClCompile>
    <ClCompile Include="Resource\Shader\ShaderManager.cpp">
      <Filter>01. Resource\01. Shader</Filter>
    </ClCompile>
    <ClCompile Include="Resource\Mesh\MeshManager.cpp">
      <Filter>01. Resource\00. Mesh</Filter>
    </ClCompile>
    <ClCompile Include="GameObject\GameObject.cpp">
      <Filter>03. GameObject</Filter>
    </ClCompile>
    <ClCompile Include="Scene\Scene.cpp">
      <Filter>02. Scene</Filter>
    </ClCompile>
    <ClCompile Include="Scene\SceneManager.cpp">
      <Filter>02. Scene</Filter>
    </ClCompile>
    <ClCompile Include="Scene\SceneMode.cpp">
      <Filter>02. Scene\00. SceneMode</Filter>
    </ClCompile>
  </ItemGroup>
  <ItemGroup>
    <None Include="..\..\Copy.bat" />
  </ItemGroup>
  <ItemGroup>
    <FxCompile Include="..\Bin\Shader\ColorMesh.fx">
      <Filter>01. Resource\01. Shader\00. HLSL</Filter>
    </FxCompile>
    <FxCompile Include="..\Bin\Shader\ShaderInfo.fx">
      <Filter>01. Resource\01. Shader\00. HLSL</Filter>
    </FxCompile>
  </ItemGroup>
  <ItemGroup>
    <Text Include="..\..\exclude.txt" />
  </ItemGroup>
</Project>